
Microsoft Visual Studio Solution File, Format Version 12.00
# Visual Studio Version 16
VisualStudioVersion = 16.0.30907.101
MinimumVisualStudioVersion = 10.0.40219.1
Project("{FAE04EC0-301F-11D3-BF4B-00C04F79EFBC}") = "Metotlar2", "Metotlar2\Metotlar2.csproj", "{B3926C0F-7CF0-4785-AE2E-1B8B022E7B48}"
EndProject
Project("{FAE04EC0-301F-11D3-BF4B-00C04F79EFBC}") = "Matematik", "Matematik\Matematik.csproj", "{C9DFA629-1803-445B-9532-01E86CE6E10A}"
EndProject
Project("{FAE04EC0-301F-11D3-BF4B-00C04F79EFBC}") = "DegerVeReferansTipler", "DegerVeReferansTipler\DegerVeReferansTipler.csproj", "{5D0E785A-94CF-4BA7-BBCF-1317CBF9F275}"
EndProject
Global
	GlobalSection(SolutionConfigurationPlatforms) = preSolution
		Debug|Any CPU = Debug|Any CPU
		Release|Any CPU = Release|Any CPU
	EndGlobalSection
	GlobalSection(ProjectConfigurationPlatforms) = postSolution
		{B3926C0F-7CF0-4785-AE2E-1B8B022E7B48}.Debug|Any CPU.ActiveCfg = Debug|Any CPU
		{B3926C0F-7CF0-4785-AE2E-1B8B022E7B48}.Debug|Any CPU.Build.0 = Debug|Any CPU
		{B3926C0F-7CF0-4785-AE2E-1B8B022E7B48}.Release|Any CPU.ActiveCfg = Release|Any CPU
		{B3926C0F-7CF0-4785-AE2E-1B8B022E7B48}.Release|Any CPU.Build.0 = Release|Any CPU
		{C9DFA629-1803-445B-9532-01E86CE6E10A}.Debug|Any CPU.ActiveCfg = Debug|Any CPU
		{C9DFA629-1803-445B-9532-01E86CE6E10A}.Debug|Any CPU.Build.0 = Debug|Any CPU
		{C9DFA629-1803-445B-9532-01E86CE6E10A}.Release|Any CPU.ActiveCfg = Release|Any CPU
		{C9DFA629-1803-445B-9532-01E86CE6E10A}.Release|Any CPU.Build.0 = Release|Any CPU
		{5D0E785A-94CF-4BA7-BBCF-1317CBF9F275}.Debug|Any CPU.ActiveCfg = Debug|Any CPU
		{5D0E785A-94CF-4BA7-BBCF-1317CBF9F275}.Debug|Any CPU.Build.0 = Debug|Any CPU
		{5D0E785A-94CF-4BA7-BBCF-1317CBF9F275}.Release|Any CPU.ActiveCfg = Release|Any CPU
		{5D0E785A-94CF-4BA7-BBCF-1317CBF9F275}.Release|Any CPU.Build.0 = Release|Any CPU
	EndGlobalSection
	GlobalSection(SolutionProperties) = preSolution
		HideSolutionNode = FALSE
	EndGlobalSection
	GlobalSection(ExtensibilityGlobals) = postSolution
		SolutionGuid = {BE501653-0BBB-42EB-92E8-83365D92BEE5}
	EndGlobalSection
EndGlobal
